
Microsoft Visual Studio Solution File, Format Version 12.00
# Visual Studio Version 16
VisualStudioVersion = 16.0.32106.194
MinimumVisualStudioVersion = 10.0.40219.1
Project("{8BC9CEB8-8B4A-11D0-8D11-00A0C91BC942}") = "XeLive", "XeLive\XeLive.vcxproj", "{09D572C4-D33D-4A95-9566-A5E06E28D103}"
EndProject
Project("{FAE04EC0-301F-11D3-BF4B-00C04F79EFBC}") = "XeLive.Obfuscation", "XeLive.Obfuscation\XeLive.Obfuscation.csproj", "{620C25C2-35F5-4B4A-9EDE-AA08807A797F}"
EndProject
Project("{9A19103F-16F7-4668-BE54-9A1E7A4F7556}") = "XeLive.ClientHandler", "XeLive.ClientHandler\XeLive.ClientHandler.csproj", "{905BEC02-DAD9-4E2D-9EAE-A3CBF442BDAA}"
EndProject
Project("{9092AA53-FB77-4645-B42D-1CCCA6BD08BD}") = "XeLive.API", "XeLive.API\XeLive.API.njsproj", "{58A47516-6669-4A11-9A2E-B2F0419AC2B1}"
EndProject
Project("{8BC9CEB8-8B4A-11D0-8D11-00A0C91BC942}") = "XeLive.Engine.BO2", "XeLive.Engine.BO2\BO2.vcxproj", "{F87A05B2-3D0B-4778-A9C4-9070AE41A9FE}"
EndProject
Project("{8BC9CEB8-8B4A-11D0-8D11-00A0C91BC942}") = "XeLive Engine BO1", "XeLive.Engine.BO1\BO1.vcxproj", "{6E8A0EC6-44F7-401B-89C0-05E2B460EC51}"
EndProject
Project("{8BC9CEB8-8B4A-11D0-8D11-00A0C91BC942}") = "XeLive.Engine.GTAIV", "XeLive.Engine.GTAIV\XeLive.Engine.GTAIV.vcxproj", "{41BE71C3-F2CE-4D47-A272-9445A49D34EA}"
EndProject
Project("{8BC9CEB8-8B4A-11D0-8D11-00A0C91BC942}") = "XeLive.Engine.MW3", "XeLive.Engine.MW3\XeLive.Engine.MW3.vcxproj", "{035C8DAD-E16F-4A8E-B339-3BC7FB50F228}"
EndProject
Global
	GlobalSection(SolutionConfigurationPlatforms) = preSolution
		CodeAnalysis|Any CPU = CodeAnalysis|Any CPU
		CodeAnalysis|Xbox 360 = CodeAnalysis|Xbox 360
		Debug Retail|Any CPU = Debug Retail|Any CPU
		Debug Retail|Xbox 360 = Debug Retail|Xbox 360
		Debug|Any CPU = Debug|Any CPU
		Debug|Xbox 360 = Debug|Xbox 360
		ENGINE.GTAV|Any CPU = ENGINE.GTAV|Any CPU
		ENGINE.GTAV|Xbox 360 = ENGINE.GTAV|Xbox 360
		Profile_FastCap|Any CPU = Profile_FastCap|Any CPU
		Profile_FastCap|Xbox 360 = Profile_FastCap|Xbox 360
		Profile|Any CPU = Profile|Any CPU
		Profile|Xbox 360 = Profile|Xbox 360
		Release Devkit|Any CPU = Release Devkit|Any CPU
		Release Devkit|Xbox 360 = Release Devkit|Xbox 360
		Release Retail|Any CPU = Release Retail|Any CPU
		Release Retail|Xbox 360 = Release Retail|Xbox 360
		Release_LTCG|Any CPU = Release_LTCG|Any CPU
		Release_LTCG|Xbox 360 = Release_LTCG|Xbox 360
		Release|Any CPU = Release|Any CPU
		Release|Xbox 360 = Release|Xbox 360
		XeLive|Any CPU = XeLive|Any CPU
		XeLive|Xbox 360 = XeLive|Xbox 360
	EndGlobalSection
	GlobalSection(ProjectConfigurationPlatforms) = postSolution
		{09D572C4-D33D-4A95-9566-A5E06E28D103}.CodeAnalysis|Any CPU.ActiveCfg = XeLive|Xbox 360
		{09D572C4-D33D-4A95-9566-A5E06E28D103}.CodeAnalysis|Any CPU.Build.0 = XeLive|Xbox 360
		{09D572C4-D33D-4A95-9566-A5E06E28D103}.CodeAnalysis|Xbox 360.ActiveCfg = XeLive|Xbox 360
		{09D572C4-D33D-4A95-9566-A5E06E28D103}.CodeAnalysis|Xbox 360.Build.0 = XeLive|Xbox 360
		{09D572C4-D33D-4A95-9566-A5E06E28D103}.Debug Retail|Any CPU.ActiveCfg = XeLive|Xbox 360
		{09D572C4-D33D-4A95-9566-A5E06E28D103}.Debug Retail|Any CPU.Build.0 = XeLive|Xbox 360
		{09D572C4-D33D-4A95-9566-A5E06E28D103}.Debug Retail|Xbox 360.ActiveCfg = XeLive|Xbox 360
		{09D572C4-D33D-4A95-9566-A5E06E28D103}.Debug Retail|Xbox 360.Build.0 = XeLive|Xbox 360
		{09D572C4-D33D-4A95-9566-A5E06E28D103}.Debug|Any CPU.ActiveCfg = XeLive|Xbox 360
		{09D572C4-D33D-4A95-9566-A5E06E28D103}.Debug|Any CPU.Build.0 = XeLive|Xbox 360
		{09D572C4-D33D-4A95-9566-A5E06E28D103}.Debug|Xbox 360.ActiveCfg = XeLive|Xbox 360
		{09D572C4-D33D-4A95-9566-A5E06E28D103}.Debug|Xbox 360.Build.0 = XeLive|Xbox 360
		{09D572C4-D33D-4A95-9566-A5E06E28D103}.ENGINE.GTAV|Any CPU.ActiveCfg = XeLive|Xbox 360
		{09D572C4-D33D-4A95-9566-A5E06E28D103}.ENGINE.GTAV|Any CPU.Build.0 = XeLive|Xbox 360
		{09D572C4-D33D-4A95-9566-A5E06E28D103}.ENGINE.GTAV|Xbox 360.ActiveCfg = XeLive|Xbox 360
		{09D572C4-D33D-4A95-9566-A5E06E28D103}.ENGINE.GTAV|Xbox 360.Build.0 = XeLive|Xbox 360
		{09D572C4-D33D-4A95-9566-A5E06E28D103}.Profile_FastCap|Any CPU.ActiveCfg = XeLive|Xbox 360
		{09D572C4-D33D-4A95-9566-A5E06E28D103}.Profile_FastCap|Any CPU.Build.0 = XeLive|Xbox 360
		{09D572C4-D33D-4A95-9566-A5E06E28D103}.Profile_FastCap|Xbox 360.ActiveCfg = XeLive|Xbox 360
		{09D572C4-D33D-4A95-9566-A5E06E28D103}.Profile_FastCap|Xbox 360.Build.0 = XeLive|Xbox 360
		{09D572C4-D33D-4A95-9566-A5E06E28D103}.Profile|Any CPU.ActiveCfg = XeLive|Xbox 360
		{09D572C4-D33D-4A95-9566-A5E06E28D103}.Profile|Any CPU.Build.0 = XeLive|Xbox 360
		{09D572C4-D33D-4A95-9566-A5E06E28D103}.Profile|Xbox 360.ActiveCfg = XeLive|Xbox 360
		{09D572C4-D33D-4A95-9566-A5E06E28D103}.Profile|Xbox 360.Build.0 = XeLive|Xbox 360
		{09D572C4-D33D-4A95-9566-A5E06E28D103}.Release Devkit|Any CPU.ActiveCfg = XeLive|Xbox 360
		{09D572C4-D33D-4A95-9566-A5E06E28D103}.Release Devkit|Any CPU.Build.0 = XeLive|Xbox 360
		{09D572C4-D33D-4A95-9566-A5E06E28D103}.Release Devkit|Xbox 360.ActiveCfg = XeLive|Xbox 360
		{09D572C4-D33D-4A95-9566-A5E06E28D103}.Release Devkit|Xbox 360.Build.0 = XeLive|Xbox 360
		{09D572C4-D33D-4A95-9566-A5E06E28D103}.Release Retail|Any CPU.ActiveCfg = XeLive|Xbox 360
		{09D572C4-D33D-4A95-9566-A5E06E28D103}.Release Retail|Any CPU.Build.0 = XeLive|Xbox 360
		{09D572C4-D33D-4A95-9566-A5E06E28D103}.Release Retail|Xbox 360.ActiveCfg = XeLive|Xbox 360
		{09D572C4-D33D-4A95-9566-A5E06E28D103}.Release Retail|Xbox 360.Build.0 = XeLive|Xbox 360
		{09D572C4-D33D-4A95-9566-A5E06E28D103}.Release_LTCG|Any CPU.ActiveCfg = XeLive|Xbox 360
		{09D572C4-D33D-4A95-9566-A5E06E28D103}.Release_LTCG|Any CPU.Build.0 = XeLive|Xbox 360
		{09D572C4-D33D-4A95-9566-A5E06E28D103}.Release_LTCG|Xbox 360.ActiveCfg = XeLive|Xbox 360
		{09D572C4-D33D-4A95-9566-A5E06E28D103}.Release_LTCG|Xbox 360.Build.0 = XeLive|Xbox 360
		{09D572C4-D33D-4A95-9566-A5E06E28D103}.Release|Any CPU.ActiveCfg = XeLive|Xbox 360
		{09D572C4-D33D-4A95-9566-A5E06E28D103}.Release|Any CPU.Build.0 = XeLive|Xbox 360
		{09D572C4-D33D-4A95-9566-A5E06E28D103}.Release|Xbox 360.ActiveCfg = XeLive|Xbox 360
		{09D572C4-D33D-4A95-9566-A5E06E28D103}.Release|Xbox 360.Build.0 = XeLive|Xbox 360
		{09D572C4-D33D-4A95-9566-A5E06E28D103}.XeLive|Any CPU.ActiveCfg = XeLive|Xbox 360
		{09D572C4-D33D-4A95-9566-A5E06E28D103}.XeLive|Xbox 360.ActiveCfg = XeLive|Xbox 360
		{09D572C4-D33D-4A95-9566-A5E06E28D103}.XeLive|Xbox 360.Build.0 = XeLive|Xbox 360
		{620C25C2-35F5-4B4A-9EDE-AA08807A797F}.CodeAnalysis|Any CPU.ActiveCfg = Release|Any CPU
		{620C25C2-35F5-4B4A-9EDE-AA08807A797F}.CodeAnalysis|Any CPU.Build.0 = Release|Any CPU
		{620C25C2-35F5-4B4A-9EDE-AA08807A797F}.CodeAnalysis|Xbox 360.ActiveCfg = Release|Any CPU
		{620C25C2-35F5-4B4A-9EDE-AA08807A797F}.CodeAnalysis|Xbox 360.Build.0 = Release|Any CPU
		{620C25C2-35F5-4B4A-9EDE-AA08807A797F}.Debug Retail|Any CPU.ActiveCfg = Debug|Any CPU
		{620C25C2-35F5-4B4A-9EDE-AA08807A797F}.Debug Retail|Any CPU.Build.0 = Debug|Any CPU
		{620C25C2-35F5-4B4A-9EDE-AA08807A797F}.Debug Retail|Xbox 360.ActiveCfg = Debug|Any CPU
		{620C25C2-35F5-4B4A-9EDE-AA08807A797F}.Debug Retail|Xbox 360.Build.0 = Debug|Any CPU
		{620C25C2-35F5-4B4A-9EDE-AA08807A797F}.Debug|Any CPU.ActiveCfg = Debug|Any CPU
		{620C25C2-35F5-4B4A-9EDE-AA08807A797F}.Debug|Any CPU.Build.0 = Debug|Any CPU
		{620C25C2-35F5-4B4A-9EDE-AA08807A797F}.Debug|Xbox 360.ActiveCfg = Debug|Any CPU
		{620C25C2-35F5-4B4A-9EDE-AA08807A797F}.Debug|Xbox 360.Build.0 = Debug|Any CPU
		{620C25C2-35F5-4B4A-9EDE-AA08807A797F}.ENGINE.GTAV|Any CPU.ActiveCfg = Release|Any CPU
		{620C25C2-35F5-4B4A-9EDE-AA08807A797F}.ENGINE.GTAV|Any CPU.Build.0 = Release|Any CPU
		{620C25C2-35F5-4B4A-9EDE-AA08807A797F}.ENGINE.GTAV|Xbox 360.ActiveCfg = Release|Any CPU
		{620C25C2-35F5-4B4A-9EDE-AA08807A797F}.ENGINE.GTAV|Xbox 360.Build.0 = Release|Any CPU
		{620C25C2-35F5-4B4A-9EDE-AA08807A797F}.Profile_FastCap|Any CPU.ActiveCfg = Release|Any CPU
		{620C25C2-35F5-4B4A-9EDE-AA08807A797F}.Profile_FastCap|Any CPU.Build.0 = Release|Any CPU
		{620C25C2-35F5-4B4A-9EDE-AA08807A797F}.Profile_FastCap|Xbox 360.ActiveCfg = Release|Any CPU
		{620C25C2-35F5-4B4A-9EDE-AA08807A797F}.Profile_FastCap|Xbox 360.Build.0 = Release|Any CPU
		{620C25C2-35F5-4B4A-9EDE-AA08807A797F}.Profile|Any CPU.ActiveCfg = Release|Any CPU
		{620C25C2-35F5-4B4A-9EDE-AA08807A797F}.Profile|Any CPU.Build.0 = Release|Any CPU
		{620C25C2-35F5-4B4A-9EDE-AA08807A797F}.Profile|Xbox 360.ActiveCfg = Release|Any CPU
		{620C25C2-35F5-4B4A-9EDE-AA08807A797F}.Profile|Xbox 360.Build.0 = Release|Any CPU
		{620C25C2-35F5-4B4A-9EDE-AA08807A797F}.Release Devkit|Any CPU.ActiveCfg = Release|Any CPU
		{620C25C2-35F5-4B4A-9EDE-AA08807A797F}.Release Devkit|Any CPU.Build.0 = Release|Any CPU
		{620C25C2-35F5-4B4A-9EDE-AA08807A797F}.Release Devkit|Xbox 360.ActiveCfg = Release|Any CPU
		{620C25C2-35F5-4B4A-9EDE-AA08807A797F}.Release Devkit|Xbox 360.Build.0 = Release|Any CPU
		{620C25C2-35F5-4B4A-9EDE-AA08807A797F}.Release Retail|Any CPU.ActiveCfg = Release|Any CPU
		{620C25C2-35F5-4B4A-9EDE-AA08807A797F}.Release Retail|Any CPU.Build.0 = Release|Any CPU
		{620C25C2-35F5-4B4A-9EDE-AA08807A797F}.Release Retail|Xbox 360.ActiveCfg = Release|Any CPU
		{620C25C2-35F5-4B4A-9EDE-AA08807A797F}.Release Retail|Xbox 360.Build.0 = Release|Any CPU
		{620C25C2-35F5-4B4A-9EDE-AA08807A797F}.Release_LTCG|Any CPU.ActiveCfg = Release|Any CPU
		{620C25C2-35F5-4B4A-9EDE-AA08807A797F}.Release_LTCG|Any CPU.Build.0 = Release|Any CPU
		{620C25C2-35F5-4B4A-9EDE-AA08807A797F}.Release_LTCG|Xbox 360.ActiveCfg = Release|Any CPU
		{620C25C2-35F5-4B4A-9EDE-AA08807A797F}.Release_LTCG|Xbox 360.Build.0 = Release|Any CPU
		{620C25C2-35F5-4B4A-9EDE-AA08807A797F}.Release|Any CPU.ActiveCfg = Release|Any CPU
		{620C25C2-35F5-4B4A-9EDE-AA08807A797F}.Release|Any CPU.Build.0 = Release|Any CPU
		{620C25C2-35F5-4B4A-9EDE-AA08807A797F}.Release|Xbox 360.ActiveCfg = Release|Any CPU
		{620C25C2-35F5-4B4A-9EDE-AA08807A797F}.Release|Xbox 360.Build.0 = Release|Any CPU
		{620C25C2-35F5-4B4A-9EDE-AA08807A797F}.XeLive|Any CPU.ActiveCfg = Debug|Any CPU
		{620C25C2-35F5-4B4A-9EDE-AA08807A797F}.XeLive|Any CPU.Build.0 = Debug|Any CPU
		{620C25C2-35F5-4B4A-9EDE-AA08807A797F}.XeLive|Xbox 360.ActiveCfg = Debug|Any CPU
		{620C25C2-35F5-4B4A-9EDE-AA08807A797F}.XeLive|Xbox 360.Build.0 = Debug|Any CPU
		{905BEC02-DAD9-4E2D-9EAE-A3CBF442BDAA}.CodeAnalysis|Any CPU.ActiveCfg = Release|Any CPU
		{905BEC02-DAD9-4E2D-9EAE-A3CBF442BDAA}.CodeAnalysis|Any CPU.Build.0 = Release|Any CPU
		{905BEC02-DAD9-4E2D-9EAE-A3CBF442BDAA}.CodeAnalysis|Xbox 360.ActiveCfg = Release|Any CPU
		{905BEC02-DAD9-4E2D-9EAE-A3CBF442BDAA}.CodeAnalysis|Xbox 360.Build.0 = Release|Any CPU
		{905BEC02-DAD9-4E2D-9EAE-A3CBF442BDAA}.Debug Retail|Any CPU.ActiveCfg = Debug|Any CPU
		{905BEC02-DAD9-4E2D-9EAE-A3CBF442BDAA}.Debug Retail|Any CPU.Build.0 = Debug|Any CPU
		{905BEC02-DAD9-4E2D-9EAE-A3CBF442BDAA}.Debug Retail|Xbox 360.ActiveCfg = Debug|Any CPU
		{905BEC02-DAD9-4E2D-9EAE-A3CBF442BDAA}.Debug Retail|Xbox 360.Build.0 = Debug|Any CPU
		{905BEC02-DAD9-4E2D-9EAE-A3CBF442BDAA}.Debug|Any CPU.ActiveCfg = Debug|Any CPU
		{905BEC02-DAD9-4E2D-9EAE-A3CBF442BDAA}.Debug|Any CPU.Build.0 = Debug|Any CPU
		{905BEC02-DAD9-4E2D-9EAE-A3CBF442BDAA}.Debug|Xbox 360.ActiveCfg = Debug|Any CPU
		{905BEC02-DAD9-4E2D-9EAE-A3CBF442BDAA}.Debug|Xbox 360.Build.0 = Debug|Any CPU
		{905BEC02-DAD9-4E2D-9EAE-A3CBF442BDAA}.ENGINE.GTAV|Any CPU.ActiveCfg = Release|Any CPU
		{905BEC02-DAD9-4E2D-9EAE-A3CBF442BDAA}.ENGINE.GTAV|Any CPU.Build.0 = Release|Any CPU
		{905BEC02-DAD9-4E2D-9EAE-A3CBF442BDAA}.ENGINE.GTAV|Xbox 360.ActiveCfg = Release|Any CPU
		{905BEC02-DAD9-4E2D-9EAE-A3CBF442BDAA}.ENGINE.GTAV|Xbox 360.Build.0 = Release|Any CPU
		{905BEC02-DAD9-4E2D-9EAE-A3CBF442BDAA}.Profile_FastCap|Any CPU.ActiveCfg = Release|Any CPU
		{905BEC02-DAD9-4E2D-9EAE-A3CBF442BDAA}.Profile_FastCap|Any CPU.Build.0 = Release|Any CPU
		{905BEC02-DAD9-4E2D-9EAE-A3CBF442BDAA}.Profile_FastCap|Xbox 360.ActiveCfg = Release|Any CPU
		{905BEC02-DAD9-4E2D-9EAE-A3CBF442BDAA}.Profile_FastCap|Xbox 360.Build.0 = Release|Any CPU
		{905BEC02-DAD9-4E2D-9EAE-A3CBF442BDAA}.Profile|Any CPU.ActiveCfg = Release|Any CPU
		{905BEC02-DAD9-4E2D-9EAE-A3CBF442BDAA}.Profile|Any CPU.Build.0 = Release|Any CPU
		{905BEC02-DAD9-4E2D-9EAE-A3CBF442BDAA}.Profile|Xbox 360.ActiveCfg = Release|Any CPU
		{905BEC02-DAD9-4E2D-9EAE-A3CBF442BDAA}.Profile|Xbox 360.Build.0 = Release|Any CPU
		{905BEC02-DAD9-4E2D-9EAE-A3CBF442BDAA}.Release Devkit|Any CPU.ActiveCfg = Release|Any CPU
		{905BEC02-DAD9-4E2D-9EAE-A3CBF442BDAA}.Release Devkit|Any CPU.Build.0 = Release|Any CPU
		{905BEC02-DAD9-4E2D-9EAE-A3CBF442BDAA}.Release Devkit|Xbox 360.ActiveCfg = Release|Any CPU
		{905BEC02-DAD9-4E2D-9EAE-A3CBF442BDAA}.Release Devkit|Xbox 360.Build.0 = Release|Any CPU
		{905BEC02-DAD9-4E2D-9EAE-A3CBF442BDAA}.Release Retail|Any CPU.ActiveCfg = Release|Any CPU
		{905BEC02-DAD9-4E2D-9EAE-A3CBF442BDAA}.Release Retail|Any CPU.Build.0 = Release|Any CPU
		{905BEC02-DAD9-4E2D-9EAE-A3CBF442BDAA}.Release Retail|Xbox 360.ActiveCfg = Release|Any CPU
		{905BEC02-DAD9-4E2D-9EAE-A3CBF442BDAA}.Release Retail|Xbox 360.Build.0 = Release|Any CPU
		{905BEC02-DAD9-4E2D-9EAE-A3CBF442BDAA}.Release_LTCG|Any CPU.ActiveCfg = Release|Any CPU
		{905BEC02-DAD9-4E2D-9EAE-A3CBF442BDAA}.Release_LTCG|Any CPU.Build.0 = Release|Any CPU
		{905BEC02-DAD9-4E2D-9EAE-A3CBF442BDAA}.Release_LTCG|Xbox 360.ActiveCfg = Release|Any CPU
		{905BEC02-DAD9-4E2D-9EAE-A3CBF442BDAA}.Release_LTCG|Xbox 360.Build.0 = Release|Any CPU
		{905BEC02-DAD9-4E2D-9EAE-A3CBF442BDAA}.Release|Any CPU.ActiveCfg = Release|Any CPU
		{905BEC02-DAD9-4E2D-9EAE-A3CBF442BDAA}.Release|Any CPU.Build.0 = Release|Any CPU
		{905BEC02-DAD9-4E2D-9EAE-A3CBF442BDAA}.Release|Xbox 360.ActiveCfg = Release|Any CPU
		{905BEC02-DAD9-4E2D-9EAE-A3CBF442BDAA}.Release|Xbox 360.Build.0 = Release|Any CPU
		{905BEC02-DAD9-4E2D-9EAE-A3CBF442BDAA}.XeLive|Any CPU.ActiveCfg = Debug|Any CPU
		{905BEC02-DAD9-4E2D-9EAE-A3CBF442BDAA}.XeLive|Any CPU.Build.0 = Debug|Any CPU
		{905BEC02-DAD9-4E2D-9EAE-A3CBF442BDAA}.XeLive|Xbox 360.ActiveCfg = Debug|Any CPU
		{905BEC02-DAD9-4E2D-9EAE-A3CBF442BDAA}.XeLive|Xbox 360.Build.0 = Debug|Any CPU
		{58A47516-6669-4A11-9A2E-B2F0419AC2B1}.CodeAnalysis|Any CPU.ActiveCfg = Release|Any CPU
		{58A47516-6669-4A11-9A2E-B2F0419AC2B1}.CodeAnalysis|Any CPU.Build.0 = Release|Any CPU
		{58A47516-6669-4A11-9A2E-B2F0419AC2B1}.CodeAnalysis|Xbox 360.ActiveCfg = Release|Any CPU
		{58A47516-6669-4A11-9A2E-B2F0419AC2B1}.CodeAnalysis|Xbox 360.Build.0 = Release|Any CPU
		{58A47516-6669-4A11-9A2E-B2F0419AC2B1}.Debug Retail|Any CPU.ActiveCfg = Debug|Any CPU
		{58A47516-6669-4A11-9A2E-B2F0419AC2B1}.Debug Retail|Any CPU.Build.0 = Debug|Any CPU
		{58A47516-6669-4A11-9A2E-B2F0419AC2B1}.Debug Retail|Xbox 360.ActiveCfg = Debug|Any CPU
		{58A47516-6669-4A11-9A2E-B2F0419AC2B1}.Debug Retail|Xbox 360.Build.0 = Debug|Any CPU
		{58A47516-6669-4A11-9A2E-B2F0419AC2B1}.Debug|Any CPU.ActiveCfg = Debug|Any CPU
		{58A47516-6669-4A11-9A2E-B2F0419AC2B1}.Debug|Any CPU.Build.0 = Debug|Any CPU
		{58A47516-6669-4A11-9A2E-B2F0419AC2B1}.Debug|Xbox 360.ActiveCfg = Debug|Any CPU
		{58A47516-6669-4A11-9A2E-B2F0419AC2B1}.Debug|Xbox 360.Build.0 = Debug|Any CPU
		{58A47516-6669-4A11-9A2E-B2F0419AC2B1}.ENGINE.GTAV|Any CPU.ActiveCfg = Release|Any CPU
		{58A47516-6669-4A11-9A2E-B2F0419AC2B1}.ENGINE.GTAV|Any CPU.Build.0 = Release|Any CPU
		{58A47516-6669-4A11-9A2E-B2F0419AC2B1}.ENGINE.GTAV|Xbox 360.ActiveCfg = Release|Any CPU
		{58A47516-6669-4A11-9A2E-B2F0419AC2B1}.ENGINE.GTAV|Xbox 360.Build.0 = Release|Any CPU
		{58A47516-6669-4A11-9A2E-B2F0419AC2B1}.Profile_FastCap|Any CPU.ActiveCfg = Release|Any CPU
		{58A47516-6669-4A11-9A2E-B2F0419AC2B1}.Profile_FastCap|Any CPU.Build.0 = Release|Any CPU
		{58A47516-6669-4A11-9A2E-B2F0419AC2B1}.Profile_FastCap|Xbox 360.ActiveCfg = Release|Any CPU
		{58A47516-6669-4A11-9A2E-B2F0419AC2B1}.Profile_FastCap|Xbox 360.Build.0 = Release|Any CPU
		{58A47516-6669-4A11-9A2E-B2F0419AC2B1}.Profile|Any CPU.ActiveCfg = Release|Any CPU
		{58A47516-6669-4A11-9A2E-B2F0419AC2B1}.Profile|Any CPU.Build.0 = Release|Any CPU
		{58A47516-6669-4A11-9A2E-B2F0419AC2B1}.Profile|Xbox 360.ActiveCfg = Release|Any CPU
		{58A47516-6669-4A11-9A2E-B2F0419AC2B1}.Profile|Xbox 360.Build.0 = Release|Any CPU
		{58A47516-6669-4A11-9A2E-B2F0419AC2B1}.Release Devkit|Any CPU.ActiveCfg = Release|Any CPU
		{58A47516-6669-4A11-9A2E-B2F0419AC2B1}.Release Devkit|Any CPU.Build.0 = Release|Any CPU
		{58A47516-6669-4A11-9A2E-B2F0419AC2B1}.Release Devkit|Xbox 360.ActiveCfg = Release|Any CPU
		{58A47516-6669-4A11-9A2E-B2F0419AC2B1}.Release Devkit|Xbox 360.Build.0 = Release|Any CPU
		{58A47516-6669-4A11-9A2E-B2F0419AC2B1}.Release Retail|Any CPU.ActiveCfg = Release|Any CPU
		{58A47516-6669-4A11-9A2E-B2F0419AC2B1}.Release Retail|Any CPU.Build.0 = Release|Any CPU
		{58A47516-6669-4A11-9A2E-B2F0419AC2B1}.Release Retail|Xbox 360.ActiveCfg = Release|Any CPU
		{58A47516-6669-4A11-9A2E-B2F0419AC2B1}.Release Retail|Xbox 360.Build.0 = Release|Any CPU
		{58A47516-6669-4A11-9A2E-B2F0419AC2B1}.Release_LTCG|Any CPU.ActiveCfg = Release|Any CPU
		{58A47516-6669-4A11-9A2E-B2F0419AC2B1}.Release_LTCG|Any CPU.Build.0 = Release|Any CPU
		{58A47516-6669-4A11-9A2E-B2F0419AC2B1}.Release_LTCG|Xbox 360.ActiveCfg = Release|Any CPU
		{58A47516-6669-4A11-9A2E-B2F0419AC2B1}.Release_LTCG|Xbox 360.Build.0 = Release|Any CPU
		{58A47516-6669-4A11-9A2E-B2F0419AC2B1}.Release|Any CPU.ActiveCfg = Release|Any CPU
		{58A47516-6669-4A11-9A2E-B2F0419AC2B1}.Release|Any CPU.Build.0 = Release|Any CPU
		{58A47516-6669-4A11-9A2E-B2F0419AC2B1}.Release|Xbox 360.ActiveCfg = Release|Any CPU
		{58A47516-6669-4A11-9A2E-B2F0419AC2B1}.Release|Xbox 360.Build.0 = Release|Any CPU
		{58A47516-6669-4A11-9A2E-B2F0419AC2B1}.XeLive|Any CPU.ActiveCfg = Debug|Any CPU
		{58A47516-6669-4A11-9A2E-B2F0419AC2B1}.XeLive|Any CPU.Build.0 = Debug|Any CPU
		{58A47516-6669-4A11-9A2E-B2F0419AC2B1}.XeLive|Xbox 360.ActiveCfg = Debug|Any CPU
		{58A47516-6669-4A11-9A2E-B2F0419AC2B1}.XeLive|Xbox 360.Build.0 = Debug|Any CPU
		{F87A05B2-3D0B-4778-A9C4-9070AE41A9FE}.CodeAnalysis|Any CPU.ActiveCfg = Release Retail|Xbox 360
		{F87A05B2-3D0B-4778-A9C4-9070AE41A9FE}.CodeAnalysis|Any CPU.Build.0 = Release Retail|Xbox 360
		{F87A05B2-3D0B-4778-A9C4-9070AE41A9FE}.CodeAnalysis|Any CPU.Deploy.0 = Release Retail|Xbox 360
		{F87A05B2-3D0B-4778-A9C4-9070AE41A9FE}.CodeAnalysis|Xbox 360.ActiveCfg = Release Retail|Xbox 360
		{F87A05B2-3D0B-4778-A9C4-9070AE41A9FE}.CodeAnalysis|Xbox 360.Build.0 = Release Retail|Xbox 360
		{F87A05B2-3D0B-4778-A9C4-9070AE41A9FE}.CodeAnalysis|Xbox 360.Deploy.0 = Release Retail|Xbox 360
		{F87A05B2-3D0B-4778-A9C4-9070AE41A9FE}.Debug Retail|Any CPU.ActiveCfg = Debug Retail|Xbox 360
		{F87A05B2-3D0B-4778-A9C4-9070AE41A9FE}.Debug Retail|Xbox 360.ActiveCfg = Debug Retail|Xbox 360
		{F87A05B2-3D0B-4778-A9C4-9070AE41A9FE}.Debug Retail|Xbox 360.Build.0 = Debug Retail|Xbox 360
		{F87A05B2-3D0B-4778-A9C4-9070AE41A9FE}.Debug|Any CPU.ActiveCfg = Debug|Xbox 360
		{F87A05B2-3D0B-4778-A9C4-9070AE41A9FE}.Debug|Xbox 360.ActiveCfg = Debug|Xbox 360
		{F87A05B2-3D0B-4778-A9C4-9070AE41A9FE}.Debug|Xbox 360.Build.0 = Debug|Xbox 360
		{F87A05B2-3D0B-4778-A9C4-9070AE41A9FE}.ENGINE.GTAV|Any CPU.ActiveCfg = Debug Retail|Xbox 360
		{F87A05B2-3D0B-4778-A9C4-9070AE41A9FE}.ENGINE.GTAV|Any CPU.Build.0 = Debug Retail|Xbox 360
		{F87A05B2-3D0B-4778-A9C4-9070AE41A9FE}.ENGINE.GTAV|Xbox 360.ActiveCfg = Debug Retail|Xbox 360
		{F87A05B2-3D0B-4778-A9C4-9070AE41A9FE}.ENGINE.GTAV|Xbox 360.Build.0 = Debug Retail|Xbox 360
		{F87A05B2-3D0B-4778-A9C4-9070AE41A9FE}.Profile_FastCap|Any CPU.ActiveCfg = Release Retail|Xbox 360
		{F87A05B2-3D0B-4778-A9C4-9070AE41A9FE}.Profile_FastCap|Any CPU.Build.0 = Release Retail|Xbox 360
		{F87A05B2-3D0B-4778-A9C4-9070AE41A9FE}.Profile_FastCap|Any CPU.Deploy.0 = Release Retail|Xbox 360
		{F87A05B2-3D0B-4778-A9C4-9070AE41A9FE}.Profile_FastCap|Xbox 360.ActiveCfg = Release Retail|Xbox 360
		{F87A05B2-3D0B-4778-A9C4-9070AE41A9FE}.Profile_FastCap|Xbox 360.Build.0 = Release Retail|Xbox 360
		{F87A05B2-3D0B-4778-A9C4-9070AE41A9FE}.Profile_FastCap|Xbox 360.Deploy.0 = Release Retail|Xbox 360
		{F87A05B2-3D0B-4778-A9C4-9070AE41A9FE}.Profile|Any CPU.ActiveCfg = Release Retail|Xbox 360
		{F87A05B2-3D0B-4778-A9C4-9070AE41A9FE}.Profile|Any CPU.Build.0 = Release Retail|Xbox 360
		{F87A05B2-3D0B-4778-A9C4-9070AE41A9FE}.Profile|Any CPU.Deploy.0 = Release Retail|Xbox 360
		{F87A05B2-3D0B-4778-A9C4-9070AE41A9FE}.Profile|Xbox 360.ActiveCfg = Release Retail|Xbox 360
		{F87A05B2-3D0B-4778-A9C4-9070AE41A9FE}.Profile|Xbox 360.Build.0 = Release Retail|Xbox 360
		{F87A05B2-3D0B-4778-A9C4-9070AE41A9FE}.Profile|Xbox 360.Deploy.0 = Release Retail|Xbox 360
		{F87A05B2-3D0B-4778-A9C4-9070AE41A9FE}.Release Devkit|Any CPU.ActiveCfg = Release Devkit|Xbox 360
		{F87A05B2-3D0B-4778-A9C4-9070AE41A9FE}.Release Devkit|Xbox 360.ActiveCfg = Release Devkit|Xbox 360
		{F87A05B2-3D0B-4778-A9C4-9070AE41A9FE}.Release Devkit|Xbox 360.Build.0 = Release Devkit|Xbox 360
		{F87A05B2-3D0B-4778-A9C4-9070AE41A9FE}.Release Retail|Any CPU.ActiveCfg = Release Retail|Xbox 360
		{F87A05B2-3D0B-4778-A9C4-9070AE41A9FE}.Release Retail|Xbox 360.ActiveCfg = Release Retail|Xbox 360
		{F87A05B2-3D0B-4778-A9C4-9070AE41A9FE}.Release Retail|Xbox 360.Build.0 = Release Retail|Xbox 360
		{F87A05B2-3D0B-4778-A9C4-9070AE41A9FE}.Release_LTCG|Any CPU.ActiveCfg = Release Retail|Xbox 360
		{F87A05B2-3D0B-4778-A9C4-9070AE41A9FE}.Release_LTCG|Any CPU.Build.0 = Release Retail|Xbox 360
		{F87A05B2-3D0B-4778-A9C4-9070AE41A9FE}.Release_LTCG|Any CPU.Deploy.0 = Release Retail|Xbox 360
		{F87A05B2-3D0B-4778-A9C4-9070AE41A9FE}.Release_LTCG|Xbox 360.ActiveCfg = Release Retail|Xbox 360
		{F87A05B2-3D0B-4778-A9C4-9070AE41A9FE}.Release_LTCG|Xbox 360.Build.0 = Release Retail|Xbox 360
		{F87A05B2-3D0B-4778-A9C4-9070AE41A9FE}.Release_LTCG|Xbox 360.Deploy.0 = Release Retail|Xbox 360
		{F87A05B2-3D0B-4778-A9C4-9070AE41A9FE}.Release|Any CPU.ActiveCfg = Release Retail|Xbox 360
		{F87A05B2-3D0B-4778-A9C4-9070AE41A9FE}.Release|Any CPU.Build.0 = Release Retail|Xbox 360
		{F87A05B2-3D0B-4778-A9C4-9070AE41A9FE}.Release|Any CPU.Deploy.0 = Release Retail|Xbox 360
		{F87A05B2-3D0B-4778-A9C4-9070AE41A9FE}.Release|Xbox 360.ActiveCfg = Release Retail|Xbox 360
		{F87A05B2-3D0B-4778-A9C4-9070AE41A9FE}.Release|Xbox 360.Build.0 = Release Retail|Xbox 360
		{F87A05B2-3D0B-4778-A9C4-9070AE41A9FE}.Release|Xbox 360.Deploy.0 = Release Retail|Xbox 360
		{F87A05B2-3D0B-4778-A9C4-9070AE41A9FE}.XeLive|Any CPU.ActiveCfg = Debug Retail|Xbox 360
		{F87A05B2-3D0B-4778-A9C4-9070AE41A9FE}.XeLive|Any CPU.Build.0 = Debug Retail|Xbox 360
		{F87A05B2-3D0B-4778-A9C4-9070AE41A9FE}.XeLive|Xbox 360.ActiveCfg = Debug Retail|Xbox 360
		{F87A05B2-3D0B-4778-A9C4-9070AE41A9FE}.XeLive|Xbox 360.Build.0 = Debug Retail|Xbox 360
		{6E8A0EC6-44F7-401B-89C0-05E2B460EC51}.CodeAnalysis|Any CPU.ActiveCfg = Release Retail|Xbox 360
		{6E8A0EC6-44F7-401B-89C0-05E2B460EC51}.CodeAnalysis|Any CPU.Build.0 = Release Retail|Xbox 360
		{6E8A0EC6-44F7-401B-89C0-05E2B460EC51}.CodeAnalysis|Any CPU.Deploy.0 = Release Retail|Xbox 360
		{6E8A0EC6-44F7-401B-89C0-05E2B460EC51}.CodeAnalysis|Xbox 360.ActiveCfg = Release Retail|Xbox 360
		{6E8A0EC6-44F7-401B-89C0-05E2B460EC51}.CodeAnalysis|Xbox 360.Build.0 = Release Retail|Xbox 360
		{6E8A0EC6-44F7-401B-89C0-05E2B460EC51}.CodeAnalysis|Xbox 360.Deploy.0 = Release Retail|Xbox 360
		{6E8A0EC6-44F7-401B-89C0-05E2B460EC51}.Debug Retail|Any CPU.ActiveCfg = Debug Retail|Xbox 360
		{6E8A0EC6-44F7-401B-89C0-05E2B460EC51}.Debug Retail|Xbox 360.ActiveCfg = Debug Retail|Xbox 360
		{6E8A0EC6-44F7-401B-89C0-05E2B460EC51}.Debug Retail|Xbox 360.Build.0 = Debug Retail|Xbox 360
		{6E8A0EC6-44F7-401B-89C0-05E2B460EC51}.Debug Retail|Xbox 360.Deploy.0 = Debug Retail|Xbox 360
		{6E8A0EC6-44F7-401B-89C0-05E2B460EC51}.Debug|Any CPU.ActiveCfg = Debug|Xbox 360
		{6E8A0EC6-44F7-401B-89C0-05E2B460EC51}.Debug|Xbox 360.ActiveCfg = Debug|Xbox 360
		{6E8A0EC6-44F7-401B-89C0-05E2B460EC51}.Debug|Xbox 360.Build.0 = Debug|Xbox 360
		{6E8A0EC6-44F7-401B-89C0-05E2B460EC51}.Debug|Xbox 360.Deploy.0 = Debug|Xbox 360
		{6E8A0EC6-44F7-401B-89C0-05E2B460EC51}.ENGINE.GTAV|Any CPU.ActiveCfg = Debug Retail|Xbox 360
		{6E8A0EC6-44F7-401B-89C0-05E2B460EC51}.ENGINE.GTAV|Any CPU.Build.0 = Debug Retail|Xbox 360
		{6E8A0EC6-44F7-401B-89C0-05E2B460EC51}.ENGINE.GTAV|Any CPU.Deploy.0 = Debug Retail|Xbox 360
		{6E8A0EC6-44F7-401B-89C0-05E2B460EC51}.ENGINE.GTAV|Xbox 360.ActiveCfg = Debug Retail|Xbox 360
		{6E8A0EC6-44F7-401B-89C0-05E2B460EC51}.ENGINE.GTAV|Xbox 360.Build.0 = Debug Retail|Xbox 360
		{6E8A0EC6-44F7-401B-89C0-05E2B460EC51}.ENGINE.GTAV|Xbox 360.Deploy.0 = Debug Retail|Xbox 360
		{6E8A0EC6-44F7-401B-89C0-05E2B460EC51}.Profile_FastCap|Any CPU.ActiveCfg = Release Retail|Xbox 360
		{6E8A0EC6-44F7-401B-89C0-05E2B460EC51}.Profile_FastCap|Any CPU.Build.0 = Release Retail|Xbox 360
		{6E8A0EC6-44F7-401B-89C0-05E2B460EC51}.Profile_FastCap|Any CPU.Deploy.0 = Release Retail|Xbox 360
		{6E8A0EC6-44F7-401B-89C0-05E2B460EC51}.Profile_FastCap|Xbox 360.ActiveCfg = Release Retail|Xbox 360
		{6E8A0EC6-44F7-401B-89C0-05E2B460EC51}.Profile_FastCap|Xbox 360.Build.0 = Release Retail|Xbox 360
		{6E8A0EC6-44F7-401B-89C0-05E2B460EC51}.Profile_FastCap|Xbox 360.Deploy.0 = Release Retail|Xbox 360
		{6E8A0EC6-44F7-401B-89C0-05E2B460EC51}.Profile|Any CPU.ActiveCfg = Release Retail|Xbox 360
		{6E8A0EC6-44F7-401B-89C0-05E2B460EC51}.Profile|Any CPU.Build.0 = Release Retail|Xbox 360
		{6E8A0EC6-44F7-401B-89C0-05E2B460EC51}.Profile|Any CPU.Deploy.0 = Release Retail|Xbox 360
		{6E8A0EC6-44F7-401B-89C0-05E2B460EC51}.Profile|Xbox 360.ActiveCfg = Release Retail|Xbox 360
		{6E8A0EC6-44F7-401B-89C0-05E2B460EC51}.Profile|Xbox 360.Build.0 = Release Retail|Xbox 360
		{6E8A0EC6-44F7-401B-89C0-05E2B460EC51}.Profile|Xbox 360.Deploy.0 = Release Retail|Xbox 360
		{6E8A0EC6-44F7-401B-89C0-05E2B460EC51}.Release Devkit|Any CPU.ActiveCfg = Release Devkit|Xbox 360
		{6E8A0EC6-44F7-401B-89C0-05E2B460EC51}.Release Devkit|Xbox 360.ActiveCfg = Release Devkit|Xbox 360
		{6E8A0EC6-44F7-401B-89C0-05E2B460EC51}.Release Devkit|Xbox 360.Build.0 = Release Devkit|Xbox 360
		{6E8A0EC6-44F7-401B-89C0-05E2B460EC51}.Release Devkit|Xbox 360.Deploy.0 = Release Devkit|Xbox 360
		{6E8A0EC6-44F7-401B-89C0-05E2B460EC51}.Release Retail|Any CPU.ActiveCfg = Release Retail|Xbox 360
		{6E8A0EC6-44F7-401B-89C0-05E2B460EC51}.Release Retail|Xbox 360.ActiveCfg = Release Retail|Xbox 360
		{6E8A0EC6-44F7-401B-89C0-05E2B460EC51}.Release Retail|Xbox 360.Build.0 = Release Retail|Xbox 360
		{6E8A0EC6-44F7-401B-89C0-05E2B460EC51}.Release Retail|Xbox 360.Deploy.0 = Release Retail|Xbox 360
		{6E8A0EC6-44F7-401B-89C0-05E2B460EC51}.Release_LTCG|Any CPU.ActiveCfg = Release Retail|Xbox 360
		{6E8A0EC6-44F7-401B-89C0-05E2B460EC51}.Release_LTCG|Any CPU.Build.0 = Release Retail|Xbox 360
		{6E8A0EC6-44F7-401B-89C0-05E2B460EC51}.Release_LTCG|Any CPU.Deploy.0 = Release Retail|Xbox 360
		{6E8A0EC6-44F7-401B-89C0-05E2B460EC51}.Release_LTCG|Xbox 360.ActiveCfg = Release Retail|Xbox 360
		{6E8A0EC6-44F7-401B-89C0-05E2B460EC51}.Release_LTCG|Xbox 360.Build.0 = Release Retail|Xbox 360
		{6E8A0EC6-44F7-401B-89C0-05E2B460EC51}.Release_LTCG|Xbox 360.Deploy.0 = Release Retail|Xbox 360
		{6E8A0EC6-44F7-401B-89C0-05E2B460EC51}.Release|Any CPU.ActiveCfg = Release Retail|Xbox 360
		{6E8A0EC6-44F7-401B-89C0-05E2B460EC51}.Release|Any CPU.Build.0 = Release Retail|Xbox 360
		{6E8A0EC6-44F7-401B-89C0-05E2B460EC51}.Release|Any CPU.Deploy.0 = Release Retail|Xbox 360
		{6E8A0EC6-44F7-401B-89C0-05E2B460EC51}.Release|Xbox 360.ActiveCfg = Release Retail|Xbox 360
		{6E8A0EC6-44F7-401B-89C0-05E2B460EC51}.Release|Xbox 360.Build.0 = Release Retail|Xbox 360
		{6E8A0EC6-44F7-401B-89C0-05E2B460EC51}.Release|Xbox 360.Deploy.0 = Release Retail|Xbox 360
		{6E8A0EC6-44F7-401B-89C0-05E2B460EC51}.XeLive|Any CPU.ActiveCfg = Debug Retail|Xbox 360
		{6E8A0EC6-44F7-401B-89C0-05E2B460EC51}.XeLive|Any CPU.Build.0 = Debug Retail|Xbox 360
		{6E8A0EC6-44F7-401B-89C0-05E2B460EC51}.XeLive|Any CPU.Deploy.0 = Debug Retail|Xbox 360
		{6E8A0EC6-44F7-401B-89C0-05E2B460EC51}.XeLive|Xbox 360.ActiveCfg = Debug Retail|Xbox 360
		{6E8A0EC6-44F7-401B-89C0-05E2B460EC51}.XeLive|Xbox 360.Build.0 = Debug Retail|Xbox 360
		{6E8A0EC6-44F7-401B-89C0-05E2B460EC51}.XeLive|Xbox 360.Deploy.0 = Debug Retail|Xbox 360
		{41BE71C3-F2CE-4D47-A272-9445A49D34EA}.CodeAnalysis|Any CPU.ActiveCfg = CodeAnalysis|Xbox 360
		{41BE71C3-F2CE-4D47-A272-9445A49D34EA}.CodeAnalysis|Xbox 360.ActiveCfg = CodeAnalysis|Xbox 360
		{41BE71C3-F2CE-4D47-A272-9445A49D34EA}.CodeAnalysis|Xbox 360.Build.0 = CodeAnalysis|Xbox 360
		{41BE71C3-F2CE-4D47-A272-9445A49D34EA}.Debug Retail|Any CPU.ActiveCfg = Profile_FastCap|Xbox 360
		{41BE71C3-F2CE-4D47-A272-9445A49D34EA}.Debug Retail|Any CPU.Build.0 = Profile_FastCap|Xbox 360
		{41BE71C3-F2CE-4D47-A272-9445A49D34EA}.Debug Retail|Xbox 360.ActiveCfg = Debug|Xbox 360
		{41BE71C3-F2CE-4D47-A272-9445A49D34EA}.Debug Retail|Xbox 360.Build.0 = Debug|Xbox 360
		{41BE71C3-F2CE-4D47-A272-9445A49D34EA}.Debug|Any CPU.ActiveCfg = Debug|Xbox 360
		{41BE71C3-F2CE-4D47-A272-9445A49D34EA}.Debug|Xbox 360.ActiveCfg = Debug|Xbox 360
		{41BE71C3-F2CE-4D47-A272-9445A49D34EA}.Debug|Xbox 360.Build.0 = Debug|Xbox 360
		{41BE71C3-F2CE-4D47-A272-9445A49D34EA}.ENGINE.GTAV|Any CPU.ActiveCfg = Profile_FastCap|Xbox 360
		{41BE71C3-F2CE-4D47-A272-9445A49D34EA}.ENGINE.GTAV|Any CPU.Build.0 = Profile_FastCap|Xbox 360
		{41BE71C3-F2CE-4D47-A272-9445A49D34EA}.ENGINE.GTAV|Xbox 360.ActiveCfg = Profile_FastCap|Xbox 360
		{41BE71C3-F2CE-4D47-A272-9445A49D34EA}.ENGINE.GTAV|Xbox 360.Build.0 = Profile_FastCap|Xbox 360
		{41BE71C3-F2CE-4D47-A272-9445A49D34EA}.Profile_FastCap|Any CPU.ActiveCfg = Profile_FastCap|Xbox 360
		{41BE71C3-F2CE-4D47-A272-9445A49D34EA}.Profile_FastCap|Xbox 360.ActiveCfg = Profile_FastCap|Xbox 360
		{41BE71C3-F2CE-4D47-A272-9445A49D34EA}.Profile_FastCap|Xbox 360.Build.0 = Profile_FastCap|Xbox 360
		{41BE71C3-F2CE-4D47-A272-9445A49D34EA}.Profile|Any CPU.ActiveCfg = Profile|Xbox 360
		{41BE71C3-F2CE-4D47-A272-9445A49D34EA}.Profile|Xbox 360.ActiveCfg = Profile|Xbox 360
		{41BE71C3-F2CE-4D47-A272-9445A49D34EA}.Profile|Xbox 360.Build.0 = Profile|Xbox 360
		{41BE71C3-F2CE-4D47-A272-9445A49D34EA}.Release Devkit|Any CPU.ActiveCfg = Profile_FastCap|Xbox 360
		{41BE71C3-F2CE-4D47-A272-9445A49D34EA}.Release Devkit|Any CPU.Build.0 = Profile_FastCap|Xbox 360
		{41BE71C3-F2CE-4D47-A272-9445A49D34EA}.Release Devkit|Xbox 360.ActiveCfg = Release|Xbox 360
		{41BE71C3-F2CE-4D47-A272-9445A49D34EA}.Release Devkit|Xbox 360.Build.0 = Release|Xbox 360
		{41BE71C3-F2CE-4D47-A272-9445A49D34EA}.Release Retail|Any CPU.ActiveCfg = Profile_FastCap|Xbox 360
		{41BE71C3-F2CE-4D47-A272-9445A49D34EA}.Release Retail|Any CPU.Build.0 = Profile_FastCap|Xbox 360
		{41BE71C3-F2CE-4D47-A272-9445A49D34EA}.Release Retail|Xbox 360.ActiveCfg = Release|Xbox 360
		{41BE71C3-F2CE-4D47-A272-9445A49D34EA}.Release Retail|Xbox 360.Build.0 = Release|Xbox 360
		{41BE71C3-F2CE-4D47-A272-9445A49D34EA}.Release_LTCG|Any CPU.ActiveCfg = Release_LTCG|Xbox 360
		{41BE71C3-F2CE-4D47-A272-9445A49D34EA}.Release_LTCG|Xbox 360.ActiveCfg = Release_LTCG|Xbox 360
		{41BE71C3-F2CE-4D47-A272-9445A49D34EA}.Release_LTCG|Xbox 360.Build.0 = Release_LTCG|Xbox 360
		{41BE71C3-F2CE-4D47-A272-9445A49D34EA}.Release|Any CPU.ActiveCfg = Release|Xbox 360
		{41BE71C3-F2CE-4D47-A272-9445A49D34EA}.Release|Xbox 360.ActiveCfg = Release|Xbox 360
		{41BE71C3-F2CE-4D47-A272-9445A49D34EA}.Release|Xbox 360.Build.0 = Release|Xbox 360
		{41BE71C3-F2CE-4D47-A272-9445A49D34EA}.XeLive|Any CPU.ActiveCfg = Profile_FastCap|Xbox 360
		{41BE71C3-F2CE-4D47-A272-9445A49D34EA}.XeLive|Any CPU.Build.0 = Profile_FastCap|Xbox 360
		{41BE71C3-F2CE-4D47-A272-9445A49D34EA}.XeLive|Xbox 360.ActiveCfg = Profile_FastCap|Xbox 360
		{41BE71C3-F2CE-4D47-A272-9445A49D34EA}.XeLive|Xbox 360.Build.0 = Profile_FastCap|Xbox 360
		{035C8DAD-E16F-4A8E-B339-3BC7FB50F228}.CodeAnalysis|Any CPU.ActiveCfg = CodeAnalysis|Xbox 360
		{035C8DAD-E16F-4A8E-B339-3BC7FB50F228}.CodeAnalysis|Xbox 360.ActiveCfg = CodeAnalysis|Xbox 360
		{035C8DAD-E16F-4A8E-B339-3BC7FB50F228}.CodeAnalysis|Xbox 360.Build.0 = CodeAnalysis|Xbox 360
		{035C8DAD-E16F-4A8E-B339-3BC7FB50F228}.Debug Retail|Any CPU.ActiveCfg = Profile_FastCap|Xbox 360
		{035C8DAD-E16F-4A8E-B339-3BC7FB50F228}.Debug Retail|Any CPU.Build.0 = Profile_FastCap|Xbox 360
		{035C8DAD-E16F-4A8E-B339-3BC7FB50F228}.Debug Retail|Xbox 360.ActiveCfg = Debug|Xbox 360
		{035C8DAD-E16F-4A8E-B339-3BC7FB50F228}.Debug Retail|Xbox 360.Build.0 = Debug|Xbox 360
		{035C8DAD-E16F-4A8E-B339-3BC7FB50F228}.Debug|Any CPU.ActiveCfg = Debug|Xbox 360
		{035C8DAD-E16F-4A8E-B339-3BC7FB50F228}.Debug|Xbox 360.ActiveCfg = Debug|Xbox 360
		{035C8DAD-E16F-4A8E-B339-3BC7FB50F228}.Debug|Xbox 360.Build.0 = Debug|Xbox 360
		{035C8DAD-E16F-4A8E-B339-3BC7FB50F228}.ENGINE.GTAV|Any CPU.ActiveCfg = Profile_FastCap|Xbox 360
		{035C8DAD-E16F-4A8E-B339-3BC7FB50F228}.ENGINE.GTAV|Any CPU.Build.0 = Profile_FastCap|Xbox 360
		{035C8DAD-E16F-4A8E-B339-3BC7FB50F228}.ENGINE.GTAV|Xbox 360.ActiveCfg = Profile_FastCap|Xbox 360
		{035C8DAD-E16F-4A8E-B339-3BC7FB50F228}.ENGINE.GTAV|Xbox 360.Build.0 = Profile_FastCap|Xbox 360
		{035C8DAD-E16F-4A8E-B339-3BC7FB50F228}.Profile_FastCap|Any CPU.ActiveCfg = Profile_FastCap|Xbox 360
		{035C8DAD-E16F-4A8E-B339-3BC7FB50F228}.Profile_FastCap|Xbox 360.ActiveCfg = Profile_FastCap|Xbox 360
		{035C8DAD-E16F-4A8E-B339-3BC7FB50F228}.Profile_FastCap|Xbox 360.Build.0 = Profile_FastCap|Xbox 360
		{035C8DAD-E16F-4A8E-B339-3BC7FB50F228}.Profile|Any CPU.ActiveCfg = Profile|Xbox 360
		{035C8DAD-E16F-4A8E-B339-3BC7FB50F228}.Profile|Xbox 360.ActiveCfg = Profile|Xbox 360
		{035C8DAD-E16F-4A8E-B339-3BC7FB50F228}.Profile|Xbox 360.Build.0 = Profile|Xbox 360
		{035C8DAD-E16F-4A8E-B339-3BC7FB50F228}.Release Devkit|Any CPU.ActiveCfg = Profile_FastCap|Xbox 360
		{035C8DAD-E16F-4A8E-B339-3BC7FB50F228}.Release Devkit|Any CPU.Build.0 = Profile_FastCap|Xbox 360
		{035C8DAD-E16F-4A8E-B339-3BC7FB50F228}.Release Devkit|Xbox 360.ActiveCfg = Release|Xbox 360
		{035C8DAD-E16F-4A8E-B339-3BC7FB50F228}.Release Devkit|Xbox 360.Build.0 = Release|Xbox 360
		{035C8DAD-E16F-4A8E-B339-3BC7FB50F228}.Release Retail|Any CPU.ActiveCfg = Profile_FastCap|Xbox 360
		{035C8DAD-E16F-4A8E-B339-3BC7FB50F228}.Release Retail|Any CPU.Build.0 = Profile_FastCap|Xbox 360
		{035C8DAD-E16F-4A8E-B339-3BC7FB50F228}.Release Retail|Xbox 360.ActiveCfg = Release|Xbox 360
		{035C8DAD-E16F-4A8E-B339-3BC7FB50F228}.Release Retail|Xbox 360.Build.0 = Release|Xbox 360
		{035C8DAD-E16F-4A8E-B339-3BC7FB50F228}.Release_LTCG|Any CPU.ActiveCfg = Release_LTCG|Xbox 360
		{035C8DAD-E16F-4A8E-B339-3BC7FB50F228}.Release_LTCG|Xbox 360.ActiveCfg = Release_LTCG|Xbox 360
		{035C8DAD-E16F-4A8E-B339-3BC7FB50F228}.Release_LTCG|Xbox 360.Build.0 = Release_LTCG|Xbox 360
		{035C8DAD-E16F-4A8E-B339-3BC7FB50F228}.Release|Any CPU.ActiveCfg = Release|Xbox 360
		{035C8DAD-E16F-4A8E-B339-3BC7FB50F228}.Release|Xbox 360.ActiveCfg = Release|Xbox 360
		{035C8DAD-E16F-4A8E-B339-3BC7FB50F228}.Release|Xbox 360.Build.0 = Release|Xbox 360
		{035C8DAD-E16F-4A8E-B339-3BC7FB50F228}.XeLive|Any CPU.ActiveCfg = Profile_FastCap|Xbox 360
		{035C8DAD-E16F-4A8E-B339-3BC7FB50F228}.XeLive|Any CPU.Build.0 = Profile_FastCap|Xbox 360
		{035C8DAD-E16F-4A8E-B339-3BC7FB50F228}.XeLive|Xbox 360.ActiveCfg = Profile_FastCap|Xbox 360
		{035C8DAD-E16F-4A8E-B339-3BC7FB50F228}.XeLive|Xbox 360.Build.0 = Profile_FastCap|Xbox 360
	EndGlobalSection
	GlobalSection(SolutionProperties) = preSolution
		HideSolutionNode = FALSE
	EndGlobalSection
	GlobalSection(ExtensibilityGlobals) = postSolution
		SolutionGuid = {F92CC824-5DFD-4A7C-BA9E-F391AB0D13E7}
	EndGlobalSection
EndGlobal
